// !$*UTF8*$!
{
	archiveVersion = 1;
	classes = {
	};
	objectVersion = 50;
	objects = {

/* Begin PBXBuildFile section */
		2200D350F7212E566F117C3E /* libPods-Shine.a in Frameworks */ = {isa = PBXBuildFile; fileRef = F39D4CA35E817A5D406C08C5 /* libPods-Shine.a */; };
		FA42FDF72193DAE900F1C3A6 /* RecommendViewController.m in Sources */ = {isa = PBXBuildFile; fileRef = FA42FDF62193DAE900F1C3A6 /* RecommendViewController.m */; };
		FA42FE002193DDD000F1C3A6 /* NewPagedFlowView.m in Sources */ = {isa = PBXBuildFile; fileRef = FA42FDFB2193DDD000F1C3A6 /* NewPagedFlowView.m */; };
		FA42FE012193DDD000F1C3A6 /* PGIndexBannerSubiew.m in Sources */ = {isa = PBXBuildFile; fileRef = FA42FDFE2193DDD000F1C3A6 /* PGIndexBannerSubiew.m */; };
		FA42FE042194128B00F1C3A6 /* NetworkingTool.m in Sources */ = {isa = PBXBuildFile; fileRef = FA42FE032194128B00F1C3A6 /* NetworkingTool.m */; };
		FA42FE0A21941C4B00F1C3A6 /* NSDateFormatter+Category.m in Sources */ = {isa = PBXBuildFile; fileRef = FA42FE0821941C4B00F1C3A6 /* NSDateFormatter+Category.m */; };
		FA42FE0B21941C4B00F1C3A6 /* NSDate+Category.m in Sources */ = {isa = PBXBuildFile; fileRef = FA42FE0921941C4B00F1C3A6 /* NSDate+Category.m */; };
		FA42FE0E219420D400F1C3A6 /* RecommendModel.m in Sources */ = {isa = PBXBuildFile; fileRef = FA42FE0D219420D400F1C3A6 /* RecommendModel.m */; };
		FA42FE112194325100F1C3A6 /* NSString+Util.m in Sources */ = {isa = PBXBuildFile; fileRef = FA42FE102194325100F1C3A6 /* NSString+Util.m */; };
		FA42FE162194340A00F1C3A6 /* UIImageView+Util.m in Sources */ = {isa = PBXBuildFile; fileRef = FA42FE142194340A00F1C3A6 /* UIImageView+Util.m */; };
		FA42FE172194340A00F1C3A6 /* UIScrollView+Util.m in Sources */ = {isa = PBXBuildFile; fileRef = FA42FE152194340A00F1C3A6 /* UIScrollView+Util.m */; };
		FA42FE1D2195627C00F1C3A6 /* RecommendDetailCtr.m in Sources */ = {isa = PBXBuildFile; fileRef = FA42FE1C2195627C00F1C3A6 /* RecommendDetailCtr.m */; };
		FA78C28E219C0A7D00523F5F /* WallpaperController.m in Sources */ = {isa = PBXBuildFile; fileRef = FA78C28D219C0A7D00523F5F /* WallpaperController.m */; };
		FA8B33592189902D0010142A /* AppDelegate.m in Sources */ = {isa = PBXBuildFile; fileRef = FA8B33582189902D0010142A /* AppDelegate.m */; };
		FA8B33612189902F0010142A /* Assets.xcassets in Resources */ = {isa = PBXBuildFile; fileRef = FA8B33602189902F0010142A /* Assets.xcassets */; };
		FA8B33642189902F0010142A /* LaunchScreen.storyboard in Resources */ = {isa = PBXBuildFile; fileRef = FA8B33622189902F0010142A /* LaunchScreen.storyboard */; };
		FA8B33672189902F0010142A /* main.m in Sources */ = {isa = PBXBuildFile; fileRef = FA8B33662189902F0010142A /* main.m */; };
		FA8B33712189902F0010142A /* ShineTests.m in Sources */ = {isa = PBXBuildFile; fileRef = FA8B33702189902F0010142A /* ShineTests.m */; };
		FA8B337C2189902F0010142A /* ShineUITests.m in Sources */ = {isa = PBXBuildFile; fileRef = FA8B337B2189902F0010142A /* ShineUITests.m */; };
		FA8B338F218993920010142A /* VBBaseNavigationController.m in Sources */ = {isa = PBXBuildFile; fileRef = FA8B338E218993920010142A /* VBBaseNavigationController.m */; };
		FA8B33932189961B0010142A /* VBBaseViewController.m in Sources */ = {isa = PBXBuildFile; fileRef = FA8B33922189961B0010142A /* VBBaseViewController.m */; };
		FA8B3396218996450010142A /* HomeViewController.m in Sources */ = {isa = PBXBuildFile; fileRef = FA8B3395218996450010142A /* HomeViewController.m */; };
		FA8B339A2189A00D0010142A /* AppUtills.m in Sources */ = {isa = PBXBuildFile; fileRef = FA8B33992189A00D0010142A /* AppUtills.m */; };
		FA8B33A02189AA240010142A /* UIButton+Util.m in Sources */ = {isa = PBXBuildFile; fileRef = FA8B339F2189AA240010142A /* UIButton+Util.m */; };
		FA8B33A3218A98250010142A /* UILabel+Util.m in Sources */ = {isa = PBXBuildFile; fileRef = FA8B33A1218A98250010142A /* UILabel+Util.m */; };
		FA8B33A6218AAD380010142A /* UIView+Util.m in Sources */ = {isa = PBXBuildFile; fileRef = FA8B33A5218AAD380010142A /* UIView+Util.m */; };
		FA8B33AA218ACDE70010142A /* SelectThemeColorView.m in Sources */ = {isa = PBXBuildFile; fileRef = FA8B33A9218ACDE70010142A /* SelectThemeColorView.m */; };
		FA8B33AC218ACDFF0010142A /* SelectThemeColorView.xib in Resources */ = {isa = PBXBuildFile; fileRef = FA8B33AB218ACDFF0010142A /* SelectThemeColorView.xib */; };
		FAA8DF23219A803E00F5E2D6 /* WallClassifyHeaderView.m in Sources */ = {isa = PBXBuildFile; fileRef = FAA8DF21219A803E00F5E2D6 /* WallClassifyHeaderView.m */; };
		FAA8DF24219A803E00F5E2D6 /* WallClassifyHeaderView.xib in Resources */ = {isa = PBXBuildFile; fileRef = FAA8DF22219A803E00F5E2D6 /* WallClassifyHeaderView.xib */; };
		FADBB647219D5419004B8274 /* QYAnnotation.m in Sources */ = {isa = PBXBuildFile; fileRef = FADBB646219D5419004B8274 /* QYAnnotation.m */; };
		FADE65F4219968F5007F63F9 /* WallpaperListController.m in Sources */ = {isa = PBXBuildFile; fileRef = FADE65F3219968F5007F63F9 /* WallpaperListController.m */; };
		FADE65F721996DBB007F63F9 /* WallpaperClassifyController.m in Sources */ = {isa = PBXBuildFile; fileRef = FADE65F621996DBB007F63F9 /* WallpaperClassifyController.m */; };
		FADE65FB219970E1007F63F9 /* WallpaperClassifyModel.m in Sources */ = {isa = PBXBuildFile; fileRef = FADE65FA219970E1007F63F9 /* WallpaperClassifyModel.m */; };
		FADE65FE219980EB007F63F9 /* WallpaperDetailModel.m in Sources */ = {isa = PBXBuildFile; fileRef = FADE65FD219980EB007F63F9 /* WallpaperDetailModel.m */; };
		FADE660321998726007F63F9 /* WallPaperClassifyCell.m in Sources */ = {isa = PBXBuildFile; fileRef = FADE660121998726007F63F9 /* WallPaperClassifyCell.m */; };
		FADE660421998726007F63F9 /* WallPaperClassifyCell.xib in Resources */ = {isa = PBXBuildFile; fileRef = FADE660221998726007F63F9 /* WallPaperClassifyCell.xib */; };
/* End PBXBuildFile section */

/* Begin PBXContainerItemProxy section */
		FA8B336D2189902F0010142A /* PBXContainerItemProxy */ = {
			isa = PBXContainerItemProxy;
			containerPortal = FA8B334C2189902D0010142A /* Project object */;
			proxyType = 1;
			remoteGlobalIDString = FA8B33532189902D0010142A;
			remoteInfo = Shine;
		};
		FA8B33782189902F0010142A /* PBXContainerItemProxy */ = {
			isa = PBXContainerItemProxy;
			containerPortal = FA8B334C2189902D0010142A /* Project object */;
			proxyType = 1;
			remoteGlobalIDString = FA8B33532189902D0010142A;
			remoteInfo = Shine;
		};
/* End PBXContainerItemProxy section */

/* Begin PBXFileReference section */
		3E946EE0BDF0812786F37A54 /* Pods-Shine.debug.xcconfig */ = {isa = PBXFileReference; includeInIndex = 1; lastKnownFileType = text.xcconfig; name = "Pods-Shine.debug.xcconfig"; path = "Pods/Target Support Files/Pods-Shine/Pods-Shine.debug.xcconfig"; sourceTree = "<group>"; };
		545BBE09E1291CE37491EF21 /* Pods-Shine.release.xcconfig */ = {isa = PBXFileReference; includeInIndex = 1; lastKnownFileType = text.xcconfig; name = "Pods-Shine.release.xcconfig"; path = "Pods/Target Support Files/Pods-Shine/Pods-Shine.release.xcconfig"; sourceTree = "<group>"; };
		F39D4CA35E817A5D406C08C5 /* libPods-Shine.a */ = {isa = PBXFileReference; explicitFileType = archive.ar; includeInIndex = 0; path = "libPods-Shine.a"; sourceTree = BUILT_PRODUCTS_DIR; };
		FA42FDF52193DAE900F1C3A6 /* RecommendViewController.h */ = {isa = PBXFileReference; lastKnownFileType = sourcecode.c.h; path = RecommendViewController.h; sourceTree = "<group>"; };
		FA42FDF62193DAE900F1C3A6 /* RecommendViewController.m */ = {isa = PBXFileReference; lastKnownFileType = sourcecode.c.objc; path = RecommendViewController.m; sourceTree = "<group>"; };
		FA42FDFB2193DDD000F1C3A6 /* NewPagedFlowView.m */ = {isa = PBXFileReference; fileEncoding = 4; lastKnownFileType = sourcecode.c.objc; path = NewPagedFlowView.m; sourceTree = "<group>"; };
		FA42FDFC2193DDD000F1C3A6 /* NewPagedFlowView.h */ = {isa = PBXFileReference; fileEncoding = 4; lastKnownFileType = sourcecode.c.h; path = NewPagedFlowView.h; sourceTree = "<group>"; };
		FA42FDFE2193DDD000F1C3A6 /* PGIndexBannerSubiew.m */ = {isa = PBXFileReference; fileEncoding = 4; lastKnownFileType = sourcecode.c.objc; path = PGIndexBannerSubiew.m; sourceTree = "<group>"; };
		FA42FDFF2193DDD000F1C3A6 /* PGIndexBannerSubiew.h */ = {isa = PBXFileReference; fileEncoding = 4; lastKnownFileType = sourcecode.c.h; path = PGIndexBannerSubiew.h; sourceTree = "<group>"; };
		FA42FE022194128B00F1C3A6 /* NetworkingTool.h */ = {isa = PBXFileReference; fileEncoding = 4; lastKnownFileType = sourcecode.c.h; path = NetworkingTool.h; sourceTree = "<group>"; };
		FA42FE032194128B00F1C3A6 /* NetworkingTool.m */ = {isa = PBXFileReference; fileEncoding = 4; lastKnownFileType = sourcecode.c.objc; path = NetworkingTool.m; sourceTree = "<group>"; };
		FA42FE052194131600F1C3A6 /* RequestAdress.h */ = {isa = PBXFileReference; lastKnownFileType = sourcecode.c.h; path = RequestAdress.h; sourceTree = "<group>"; };
		FA42FE0621941C4A00F1C3A6 /* NSDateFormatter+Category.h */ = {isa = PBXFileReference; fileEncoding = 4; lastKnownFileType = sourcecode.c.h; path = "NSDateFormatter+Category.h"; sourceTree = "<group>"; };
		FA42FE0721941C4B00F1C3A6 /* NSDate+Category.h */ = {isa = PBXFileReference; fileEncoding = 4; lastKnownFileType = sourcecode.c.h; path = "NSDate+Category.h"; sourceTree = "<group>"; };
		FA42FE0821941C4B00F1C3A6 /* NSDateFormatter+Category.m */ = {isa = PBXFileReference; fileEncoding = 4; lastKnownFileType = sourcecode.c.objc; path = "NSDateFormatter+Category.m"; sourceTree = "<group>"; };
		FA42FE0921941C4B00F1C3A6 /* NSDate+Category.m */ = {isa = PBXFileReference; fileEncoding = 4; lastKnownFileType = sourcecode.c.objc; path = "NSDate+Category.m"; sourceTree = "<group>"; };
		FA42FE0C219420D400F1C3A6 /* RecommendModel.h */ = {isa = PBXFileReference; fileEncoding = 4; lastKnownFileType = sourcecode.c.h; path = RecommendModel.h; sourceTree = "<group>"; };
		FA42FE0D219420D400F1C3A6 /* RecommendModel.m */ = {isa = PBXFileReference; fileEncoding = 4; lastKnownFileType = sourcecode.c.objc; path = RecommendModel.m; sourceTree = "<group>"; };
		FA42FE0F2194325100F1C3A6 /* NSString+Util.h */ = {isa = PBXFileReference; fileEncoding = 4; lastKnownFileType = sourcecode.c.h; path = "NSString+Util.h"; sourceTree = "<group>"; };
		FA42FE102194325100F1C3A6 /* NSString+Util.m */ = {isa = PBXFileReference; fileEncoding = 4; lastKnownFileType = sourcecode.c.objc; path = "NSString+Util.m"; sourceTree = "<group>"; };
		FA42FE122194340900F1C3A6 /* UIImageView+Util.h */ = {isa = PBXFileReference; fileEncoding = 4; lastKnownFileType = sourcecode.c.h; path = "UIImageView+Util.h"; sourceTree = "<group>"; };
		FA42FE132194340900F1C3A6 /* UIScrollView+Util.h */ = {isa = PBXFileReference; fileEncoding = 4; lastKnownFileType = sourcecode.c.h; path = "UIScrollView+Util.h"; sourceTree = "<group>"; };
		FA42FE142194340A00F1C3A6 /* UIImageView+Util.m */ = {isa = PBXFileReference; fileEncoding = 4; lastKnownFileType = sourcecode.c.objc; path = "UIImageView+Util.m"; sourceTree = "<group>"; };
		FA42FE152194340A00F1C3A6 /* UIScrollView+Util.m */ = {isa = PBXFileReference; fileEncoding = 4; lastKnownFileType = sourcecode.c.objc; path = "UIScrollView+Util.m"; sourceTree = "<group>"; };
		FA42FE1B2195627C00F1C3A6 /* RecommendDetailCtr.h */ = {isa = PBXFileReference; lastKnownFileType = sourcecode.c.h; path = RecommendDetailCtr.h; sourceTree = "<group>"; };
		FA42FE1C2195627C00F1C3A6 /* RecommendDetailCtr.m */ = {isa = PBXFileReference; lastKnownFileType = sourcecode.c.objc; path = RecommendDetailCtr.m; sourceTree = "<group>"; };
		FA78C28C219C0A7D00523F5F /* WallpaperController.h */ = {isa = PBXFileReference; lastKnownFileType = sourcecode.c.h; path = WallpaperController.h; sourceTree = "<group>"; };
		FA78C28D219C0A7D00523F5F /* WallpaperController.m */ = {isa = PBXFileReference; lastKnownFileType = sourcecode.c.objc; path = WallpaperController.m; sourceTree = "<group>"; };
		FA8B33542189902D0010142A /* Shine.app */ = {isa = PBXFileReference; explicitFileType = wrapper.application; includeInIndex = 0; path = Shine.app; sourceTree = BUILT_PRODUCTS_DIR; };
		FA8B33572189902D0010142A /* AppDelegate.h */ = {isa = PBXFileReference; lastKnownFileType = sourcecode.c.h; path = AppDelegate.h; sourceTree = "<group>"; };
		FA8B33582189902D0010142A /* AppDelegate.m */ = {isa = PBXFileReference; lastKnownFileType = sourcecode.c.objc; path = AppDelegate.m; sourceTree = "<group>"; };
		FA8B33602189902F0010142A /* Assets.xcassets */ = {isa = PBXFileReference; lastKnownFileType = folder.assetcatalog; path = Assets.xcassets; sourceTree = "<group>"; };
		FA8B33632189902F0010142A /* Base */ = {isa = PBXFileReference; lastKnownFileType = file.storyboard; name = Base; path = Base.lproj/LaunchScreen.storyboard; sourceTree = "<group>"; };
		FA8B33652189902F0010142A /* Info.plist */ = {isa = PBXFileReference; lastKnownFileType = text.plist.xml; path = Info.plist; sourceTree = "<group>"; };
		FA8B33662189902F0010142A /* main.m */ = {isa = PBXFileReference; lastKnownFileType = sourcecode.c.objc; path = main.m; sourceTree = "<group>"; };
		FA8B336C2189902F0010142A /* ShineTests.xctest */ = {isa = PBXFileReference; explicitFileType = wrapper.cfbundle; includeInIndex = 0; path = ShineTests.xctest; sourceTree = BUILT_PRODUCTS_DIR; };
		FA8B33702189902F0010142A /* ShineTests.m */ = {isa = PBXFileReference; lastKnownFileType = sourcecode.c.objc; path = ShineTests.m; sourceTree = "<group>"; };
		FA8B33722189902F0010142A /* Info.plist */ = {isa = PBXFileReference; lastKnownFileType = text.plist.xml; path = Info.plist; sourceTree = "<group>"; };
		FA8B33772189902F0010142A /* ShineUITests.xctest */ = {isa = PBXFileReference; explicitFileType = wrapper.cfbundle; includeInIndex = 0; path = ShineUITests.xctest; sourceTree = BUILT_PRODUCTS_DIR; };
		FA8B337B2189902F0010142A /* ShineUITests.m */ = {isa = PBXFileReference; lastKnownFileType = sourcecode.c.objc; path = ShineUITests.m; sourceTree = "<group>"; };
		FA8B337D2189902F0010142A /* Info.plist */ = {isa = PBXFileReference; lastKnownFileType = text.plist.xml; path = Info.plist; sourceTree = "<group>"; };
		FA8B338A218991C20010142A /* PrefixHeader.pch */ = {isa = PBXFileReference; lastKnownFileType = sourcecode.c.h; path = PrefixHeader.pch; sourceTree = "<group>"; };
		FA8B338B218991E80010142A /* MacroDefine.h */ = {isa = PBXFileReference; lastKnownFileType = sourcecode.c.h; path = MacroDefine.h; sourceTree = "<group>"; };
		FA8B338D218993920010142A /* VBBaseNavigationController.h */ = {isa = PBXFileReference; lastKnownFileType = sourcecode.c.h; path = VBBaseNavigationController.h; sourceTree = "<group>"; };
		FA8B338E218993920010142A /* VBBaseNavigationController.m */ = {isa = PBXFileReference; lastKnownFileType = sourcecode.c.objc; path = VBBaseNavigationController.m; sourceTree = "<group>"; };
		FA8B33912189961B0010142A /* VBBaseViewController.h */ = {isa = PBXFileReference; lastKnownFileType = sourcecode.c.h; name = VBBaseViewController.h; path = Shine/Base/VBBaseViewController.h; sourceTree = SOURCE_ROOT; };
		FA8B33922189961B0010142A /* VBBaseViewController.m */ = {isa = PBXFileReference; lastKnownFileType = sourcecode.c.objc; name = VBBaseViewController.m; path = Shine/Base/VBBaseViewController.m; sourceTree = SOURCE_ROOT; };
		FA8B3394218996450010142A /* HomeViewController.h */ = {isa = PBXFileReference; lastKnownFileType = sourcecode.c.h; path = HomeViewController.h; sourceTree = "<group>"; };
		FA8B3395218996450010142A /* HomeViewController.m */ = {isa = PBXFileReference; lastKnownFileType = sourcecode.c.objc; path = HomeViewController.m; sourceTree = "<group>"; };
		FA8B33982189A00D0010142A /* AppUtills.h */ = {isa = PBXFileReference; lastKnownFileType = sourcecode.c.h; path = AppUtills.h; sourceTree = "<group>"; };
		FA8B33992189A00D0010142A /* AppUtills.m */ = {isa = PBXFileReference; lastKnownFileType = sourcecode.c.objc; path = AppUtills.m; sourceTree = "<group>"; };
		FA8B339B2189A1000010142A /* AppConfig.h */ = {isa = PBXFileReference; lastKnownFileType = sourcecode.c.h; path = AppConfig.h; sourceTree = "<group>"; };
		FA8B339D2189A9E00010142A /* FrameworkCategory.h */ = {isa = PBXFileReference; lastKnownFileType = sourcecode.c.h; path = FrameworkCategory.h; sourceTree = "<group>"; };
		FA8B339E2189AA240010142A /* UIButton+Util.h */ = {isa = PBXFileReference; lastKnownFileType = sourcecode.c.h; path = "UIButton+Util.h"; sourceTree = "<group>"; };
		FA8B339F2189AA240010142A /* UIButton+Util.m */ = {isa = PBXFileReference; lastKnownFileType = sourcecode.c.objc; path = "UIButton+Util.m"; sourceTree = "<group>"; };
		FA8B33A1218A98250010142A /* UILabel+Util.m */ = {isa = PBXFileReference; fileEncoding = 4; lastKnownFileType = sourcecode.c.objc; path = "UILabel+Util.m"; sourceTree = "<group>"; };
		FA8B33A2218A98250010142A /* UILabel+Util.h */ = {isa = PBXFileReference; fileEncoding = 4; lastKnownFileType = sourcecode.c.h; path = "UILabel+Util.h"; sourceTree = "<group>"; };
		FA8B33A4218AAD380010142A /* UIView+Util.h */ = {isa = PBXFileReference; fileEncoding = 4; lastKnownFileType = sourcecode.c.h; path = "UIView+Util.h"; sourceTree = "<group>"; };
		FA8B33A5218AAD380010142A /* UIView+Util.m */ = {isa = PBXFileReference; fileEncoding = 4; lastKnownFileType = sourcecode.c.objc; path = "UIView+Util.m"; sourceTree = "<group>"; };
		FA8B33A8218ACDE70010142A /* SelectThemeColorView.h */ = {isa = PBXFileReference; lastKnownFileType = sourcecode.c.h; path = SelectThemeColorView.h; sourceTree = "<group>"; };
		FA8B33A9218ACDE70010142A /* SelectThemeColorView.m */ = {isa = PBXFileReference; lastKnownFileType = sourcecode.c.objc; path = SelectThemeColorView.m; sourceTree = "<group>"; };
		FA8B33AB218ACDFF0010142A /* SelectThemeColorView.xib */ = {isa = PBXFileReference; lastKnownFileType = file.xib; path = SelectThemeColorView.xib; sourceTree = "<group>"; };
		FAA8DF20219A803E00F5E2D6 /* WallClassifyHeaderView.h */ = {isa = PBXFileReference; lastKnownFileType = sourcecode.c.h; path = WallClassifyHeaderView.h; sourceTree = "<group>"; };
		FAA8DF21219A803E00F5E2D6 /* WallClassifyHeaderView.m */ = {isa = PBXFileReference; lastKnownFileType = sourcecode.c.objc; path = WallClassifyHeaderView.m; sourceTree = "<group>"; };
		FAA8DF22219A803E00F5E2D6 /* WallClassifyHeaderView.xib */ = {isa = PBXFileReference; lastKnownFileType = file.xib; path = WallClassifyHeaderView.xib; sourceTree = "<group>"; };
		FADBB645219D5419004B8274 /* QYAnnotation.h */ = {isa = PBXFileReference; fileEncoding = 4; lastKnownFileType = sourcecode.c.h; path = QYAnnotation.h; sourceTree = "<group>"; };
		FADBB646219D5419004B8274 /* QYAnnotation.m */ = {isa = PBXFileReference; fileEncoding = 4; lastKnownFileType = sourcecode.c.objc; path = QYAnnotation.m; sourceTree = "<group>"; };
		FADE65F2219968F5007F63F9 /* WallpaperListController.h */ = {isa = PBXFileReference; lastKnownFileType = sourcecode.c.h; path = WallpaperListController.h; sourceTree = "<group>"; };
		FADE65F3219968F5007F63F9 /* WallpaperListController.m */ = {isa = PBXFileReference; lastKnownFileType = sourcecode.c.objc; path = WallpaperListController.m; sourceTree = "<group>"; };
		FADE65F521996DBB007F63F9 /* WallpaperClassifyController.h */ = {isa = PBXFileReference; lastKnownFileType = sourcecode.c.h; path = WallpaperClassifyController.h; sourceTree = "<group>"; };
		FADE65F621996DBB007F63F9 /* WallpaperClassifyController.m */ = {isa = PBXFileReference; lastKnownFileType = sourcecode.c.objc; path = WallpaperClassifyController.m; sourceTree = "<group>"; };
		FADE65F9219970E1007F63F9 /* WallpaperClassifyModel.h */ = {isa = PBXFileReference; lastKnownFileType = sourcecode.c.h; path = WallpaperClassifyModel.h; sourceTree = "<group>"; };
		FADE65FA219970E1007F63F9 /* WallpaperClassifyModel.m */ = {isa = PBXFileReference; lastKnownFileType = sourcecode.c.objc; path = WallpaperClassifyModel.m; sourceTree = "<group>"; };
		FADE65FC219980EB007F63F9 /* WallpaperDetailModel.h */ = {isa = PBXFileReference; lastKnownFileType = sourcecode.c.h; path = WallpaperDetailModel.h; sourceTree = "<group>"; };
		FADE65FD219980EB007F63F9 /* WallpaperDetailModel.m */ = {isa = PBXFileReference; lastKnownFileType = sourcecode.c.objc; path = WallpaperDetailModel.m; sourceTree = "<group>"; };
		FADE660021998726007F63F9 /* WallPaperClassifyCell.h */ = {isa = PBXFileReference; lastKnownFileType = sourcecode.c.h; path = WallPaperClassifyCell.h; sourceTree = "<group>"; };
		FADE660121998726007F63F9 /* WallPaperClassifyCell.m */ = {isa = PBXFileReference; lastKnownFileType = sourcecode.c.objc; path = WallPaperClassifyCell.m; sourceTree = "<group>"; };
		FADE660221998726007F63F9 /* WallPaperClassifyCell.xib */ = {isa = PBXFileReference; lastKnownFileType = file.xib; path = WallPaperClassifyCell.xib; sourceTree = "<group>"; };
/* End PBXFileReference section */

/* Begin PBXFrameworksBuildPhase section */
		FA8B33512189902D0010142A /* Frameworks */ = {
			isa = PBXFrameworksBuildPhase;
			buildActionMask = 2147483647;
			files = (
				2200D350F7212E566F117C3E /* libPods-Shine.a in Frameworks */,
			);
			runOnlyForDeploymentPostprocessing = 0;
		};
		FA8B33692189902F0010142A /* Frameworks */ = {
			isa = PBXFrameworksBuildPhase;
			buildActionMask = 2147483647;
			files = (
			);
			runOnlyForDeploymentPostprocessing = 0;
		};
		FA8B33742189902F0010142A /* Frameworks */ = {
			isa = PBXFrameworksBuildPhase;
			buildActionMask = 2147483647;
			files = (
			);
			runOnlyForDeploymentPostprocessing = 0;
		};
/* End PBXFrameworksBuildPhase section */

/* Begin PBXGroup section */
		9437B6C6ABA2D98D3581DA1D /* Frameworks */ = {
			isa = PBXGroup;
			children = (
				F39D4CA35E817A5D406C08C5 /* libPods-Shine.a */,
			);
			name = Frameworks;
			sourceTree = "<group>";
		};
		CEA62069197D8380C7E8CC6A /* Pods */ = {
			isa = PBXGroup;
			children = (
				3E946EE0BDF0812786F37A54 /* Pods-Shine.debug.xcconfig */,
				545BBE09E1291CE37491EF21 /* Pods-Shine.release.xcconfig */,
			);
			name = Pods;
			sourceTree = "<group>";
		};
		FA42FDF12193D9A900F1C3A6 /* Recommend */ = {
			isa = PBXGroup;
			children = (
				FA42FDF22193DA3A00F1C3A6 /* Controller */,
				FA42FDF32193DA4600F1C3A6 /* Model */,
				FA42FDF42193DA5D00F1C3A6 /* View */,
			);
			path = Recommend;
			sourceTree = "<group>";
		};
		FA42FDF22193DA3A00F1C3A6 /* Controller */ = {
			isa = PBXGroup;
			children = (
				FA42FDF52193DAE900F1C3A6 /* RecommendViewController.h */,
				FA42FDF62193DAE900F1C3A6 /* RecommendViewController.m */,
				FA42FE1B2195627C00F1C3A6 /* RecommendDetailCtr.h */,
				FA42FE1C2195627C00F1C3A6 /* RecommendDetailCtr.m */,
			);
			path = Controller;
			sourceTree = "<group>";
		};
		FA42FDF32193DA4600F1C3A6 /* Model */ = {
			isa = PBXGroup;
			children = (
				FA42FE0C219420D400F1C3A6 /* RecommendModel.h */,
				FA42FE0D219420D400F1C3A6 /* RecommendModel.m */,
			);
			path = Model;
			sourceTree = "<group>";
		};
		FA42FDF42193DA5D00F1C3A6 /* View */ = {
			isa = PBXGroup;
			children = (
			);
			path = View;
			sourceTree = "<group>";
		};
		FA42FDF82193DD9700F1C3A6 /* Vender */ = {
			isa = PBXGroup;
			children = (
				FA42FDF92193DDD000F1C3A6 /* NewPagedFlowView */,
			);
			path = Vender;
			sourceTree = "<group>";
		};
		FA42FDF92193DDD000F1C3A6 /* NewPagedFlowView */ = {
			isa = PBXGroup;
			children = (
				FA42FDFA2193DDD000F1C3A6 /* NewPagedFlowView */,
				FA42FDFD2193DDD000F1C3A6 /* CustomeView */,
			);
			path = NewPagedFlowView;
			sourceTree = "<group>";
		};
		FA42FDFA2193DDD000F1C3A6 /* NewPagedFlowView */ = {
			isa = PBXGroup;
			children = (
				FA42FDFC2193DDD000F1C3A6 /* NewPagedFlowView.h */,
				FA42FDFB2193DDD000F1C3A6 /* NewPagedFlowView.m */,
			);
			path = NewPagedFlowView;
			sourceTree = "<group>";
		};
		FA42FDFD2193DDD000F1C3A6 /* CustomeView */ = {
			isa = PBXGroup;
			children = (
				FA42FDFF2193DDD000F1C3A6 /* PGIndexBannerSubiew.h */,
				FA42FDFE2193DDD000F1C3A6 /* PGIndexBannerSubiew.m */,
			);
			path = CustomeView;
			sourceTree = "<group>";
		};
		FA8B334B2189902D0010142A = {
			isa = PBXGroup;
			children = (
				FA8B33562189902D0010142A /* Shine */,
				FA8B336F2189902F0010142A /* ShineTests */,
				FA8B337A2189902F0010142A /* ShineUITests */,
				FA8B33552189902D0010142A /* Products */,
				CEA62069197D8380C7E8CC6A /* Pods */,
				9437B6C6ABA2D98D3581DA1D /* Frameworks */,
			);
			sourceTree = "<group>";
		};
		FA8B33552189902D0010142A /* Products */ = {
			isa = PBXGroup;
			children = (
				FA8B33542189902D0010142A /* Shine.app */,
				FA8B336C2189902F0010142A /* ShineTests.xctest */,
				FA8B33772189902F0010142A /* ShineUITests.xctest */,
			);
			name = Products;
			sourceTree = "<group>";
		};
		FA8B33562189902D0010142A /* Shine */ = {
			isa = PBXGroup;
			children = (
				FA42FDF82193DD9700F1C3A6 /* Vender */,
				FA8B3389218991AB0010142A /* Macro */,
				FA8B338C218993380010142A /* Base */,
				FA8B339721899F6C0010142A /* Other */,
				FA8B33902189958B0010142A /* Home */,
				FA8B33572189902D0010142A /* AppDelegate.h */,
				FA8B33582189902D0010142A /* AppDelegate.m */,
				FA8B33602189902F0010142A /* Assets.xcassets */,
				FA8B33622189902F0010142A /* LaunchScreen.storyboard */,
				FA8B33652189902F0010142A /* Info.plist */,
				FA8B33662189902F0010142A /* main.m */,
			);
			path = Shine;
			sourceTree = "<group>";
		};
		FA8B336F2189902F0010142A /* ShineTests */ = {
			isa = PBXGroup;
			children = (
				FA8B33702189902F0010142A /* ShineTests.m */,
				FA8B33722189902F0010142A /* Info.plist */,
			);
			path = ShineTests;
			sourceTree = "<group>";
		};
		FA8B337A2189902F0010142A /* ShineUITests */ = {
			isa = PBXGroup;
			children = (
				FA8B337B2189902F0010142A /* ShineUITests.m */,
				FA8B337D2189902F0010142A /* Info.plist */,
			);
			path = ShineUITests;
			sourceTree = "<group>";
		};
		FA8B3389218991AB0010142A /* Macro */ = {
			isa = PBXGroup;
			children = (
				FA8B338A218991C20010142A /* PrefixHeader.pch */,
				FA8B338B218991E80010142A /* MacroDefine.h */,
				FA8B339B2189A1000010142A /* AppConfig.h */,
				FA42FE052194131600F1C3A6 /* RequestAdress.h */,
			);
			path = Macro;
			sourceTree = "<group>";
		};
		FA8B338C218993380010142A /* Base */ = {
			isa = PBXGroup;
			children = (
				FA8B338D218993920010142A /* VBBaseNavigationController.h */,
				FA8B338E218993920010142A /* VBBaseNavigationController.m */,
				FA8B33912189961B0010142A /* VBBaseViewController.h */,
				FA8B33922189961B0010142A /* VBBaseViewController.m */,
				FA42FE022194128B00F1C3A6 /* NetworkingTool.h */,
				FA42FE032194128B00F1C3A6 /* NetworkingTool.m */,
			);
			path = Base;
			sourceTree = "<group>";
		};
		FA8B33902189958B0010142A /* Home */ = {
			isa = PBXGroup;
			children = (
				FA8B3394218996450010142A /* HomeViewController.h */,
				FA8B3395218996450010142A /* HomeViewController.m */,
				FA42FDF12193D9A900F1C3A6 /* Recommend */,
				FADE65F02199655B007F63F9 /* Wallpaper */,
			);
			path = Home;
			sourceTree = "<group>";
		};
		FA8B339721899F6C0010142A /* Other */ = {
			isa = PBXGroup;
			children = (
				FA8B33A7218ACD530010142A /* ThemeColorView */,
				FA8B339C2189A99B0010142A /* Categories */,
				FA8B33982189A00D0010142A /* AppUtills.h */,
				FA8B33992189A00D0010142A /* AppUtills.m */,
			);
			path = Other;
			sourceTree = "<group>";
		};
		FA8B339C2189A99B0010142A /* Categories */ = {
			isa = PBXGroup;
			children = (
				FA8B339D2189A9E00010142A /* FrameworkCategory.h */,
				FA8B339E2189AA240010142A /* UIButton+Util.h */,
				FA8B339F2189AA240010142A /* UIButton+Util.m */,
				FA8B33A2218A98250010142A /* UILabel+Util.h */,
				FA8B33A1218A98250010142A /* UILabel+Util.m */,
				FA8B33A4218AAD380010142A /* UIView+Util.h */,
				FA8B33A5218AAD380010142A /* UIView+Util.m */,
				FA42FE122194340900F1C3A6 /* UIImageView+Util.h */,
				FA42FE142194340A00F1C3A6 /* UIImageView+Util.m */,
				FA42FE132194340900F1C3A6 /* UIScrollView+Util.h */,
				FA42FE152194340A00F1C3A6 /* UIScrollView+Util.m */,
				FA42FE0F2194325100F1C3A6 /* NSString+Util.h */,
				FA42FE102194325100F1C3A6 /* NSString+Util.m */,
				FA42FE0721941C4B00F1C3A6 /* NSDate+Category.h */,
				FA42FE0921941C4B00F1C3A6 /* NSDate+Category.m */,
				FA42FE0621941C4A00F1C3A6 /* NSDateFormatter+Category.h */,
				FA42FE0821941C4B00F1C3A6 /* NSDateFormatter+Category.m */,
			);
			path = Categories;
			sourceTree = "<group>";
		};
		FA8B33A7218ACD530010142A /* ThemeColorView */ = {
			isa = PBXGroup;
			children = (
				FA8B33A8218ACDE70010142A /* SelectThemeColorView.h */,
				FA8B33A9218ACDE70010142A /* SelectThemeColorView.m */,
				FA8B33AB218ACDFF0010142A /* SelectThemeColorView.xib */,
			);
			path = ThemeColorView;
			sourceTree = "<group>";
		};
		FADE65F02199655B007F63F9 /* Wallpaper */ = {
			isa = PBXGroup;
			children = (
				FADE65F12199659A007F63F9 /* Controller */,
				FADE65F8219970A9007F63F9 /* Model */,
				FADE65FF219986D5007F63F9 /* View */,
			);
			path = Wallpaper;
			sourceTree = "<group>";
		};
		FADE65F12199659A007F63F9 /* Controller */ = {
			isa = PBXGroup;
			children = (
				FADE65F521996DBB007F63F9 /* WallpaperClassifyController.h */,
				FADE65F621996DBB007F63F9 /* WallpaperClassifyController.m */,
				FADE65F2219968F5007F63F9 /* WallpaperListController.h */,
				FADE65F3219968F5007F63F9 /* WallpaperListController.m */,
				FA78C28C219C0A7D00523F5F /* WallpaperController.h */,
				FA78C28D219C0A7D00523F5F /* WallpaperController.m */,
			);
			path = Controller;
			sourceTree = "<group>";
		};
		FADE65F8219970A9007F63F9 /* Model */ = {
			isa = PBXGroup;
			children = (
				FADE65F9219970E1007F63F9 /* WallpaperClassifyModel.h */,
				FADE65FA219970E1007F63F9 /* WallpaperClassifyModel.m */,
				FADE65FC219980EB007F63F9 /* WallpaperDetailModel.h */,
				FADE65FD219980EB007F63F9 /* WallpaperDetailModel.m */,
				FADBB645219D5419004B8274 /* QYAnnotation.h */,
				FADBB646219D5419004B8274 /* QYAnnotation.m */,
			);
			path = Model;
			sourceTree = "<group>";
		};
		FADE65FF219986D5007F63F9 /* View */ = {
			isa = PBXGroup;
			children = (
				FADE660021998726007F63F9 /* WallPaperClassifyCell.h */,
				FADE660121998726007F63F9 /* WallPaperClassifyCell.m */,
				FADE660221998726007F63F9 /* WallPaperClassifyCell.xib */,
				FAA8DF20219A803E00F5E2D6 /* WallClassifyHeaderView.h */,
				FAA8DF21219A803E00F5E2D6 /* WallClassifyHeaderView.m */,
				FAA8DF22219A803E00F5E2D6 /* WallClassifyHeaderView.xib */,
			);
			path = View;
			sourceTree = "<group>";
		};
/* End PBXGroup section */

/* Begin PBXNativeTarget section */
		FA8B33532189902D0010142A /* Shine */ = {
			isa = PBXNativeTarget;
			buildConfigurationList = FA8B33802189902F0010142A /* Build configuration list for PBXNativeTarget "Shine" */;
			buildPhases = (
				AE9FB214D3A1CFEFA157DB5B /* [CP] Check Pods Manifest.lock */,
				FA8B33502189902D0010142A /* Sources */,
				FA8B33512189902D0010142A /* Frameworks */,
				FA8B33522189902D0010142A /* Resources */,
				39BA34979D900C4B9EE41507 /* [CP] Copy Pods Resources */,
			);
			buildRules = (
			);
			dependencies = (
			);
			name = Shine;
			productName = Shine;
			productReference = FA8B33542189902D0010142A /* Shine.app */;
			productType = "com.apple.product-type.application";
		};
		FA8B336B2189902F0010142A /* ShineTests */ = {
			isa = PBXNativeTarget;
			buildConfigurationList = FA8B33832189902F0010142A /* Build configuration list for PBXNativeTarget "ShineTests" */;
			buildPhases = (
				FA8B33682189902F0010142A /* Sources */,
				FA8B33692189902F0010142A /* Frameworks */,
				FA8B336A2189902F0010142A /* Resources */,
			);
			buildRules = (
			);
			dependencies = (
				FA8B336E2189902F0010142A /* PBXTargetDependency */,
			);
			name = ShineTests;
			productName = ShineTests;
			productReference = FA8B336C2189902F0010142A /* ShineTests.xctest */;
			productType = "com.apple.product-type.bundle.unit-test";
		};
		FA8B33762189902F0010142A /* ShineUITests */ = {
			isa = PBXNativeTarget;
			buildConfigurationList = FA8B33862189902F0010142A /* Build configuration list for PBXNativeTarget "ShineUITests" */;
			buildPhases = (
				FA8B33732189902F0010142A /* Sources */,
				FA8B33742189902F0010142A /* Frameworks */,
				FA8B33752189902F0010142A /* Resources */,
			);
			buildRules = (
			);
			dependencies = (
				FA8B33792189902F0010142A /* PBXTargetDependency */,
			);
			name = ShineUITests;
			productName = ShineUITests;
			productReference = FA8B33772189902F0010142A /* ShineUITests.xctest */;
			productType = "com.apple.product-type.bundle.ui-testing";
		};
/* End PBXNativeTarget section */

/* Begin PBXProject section */
		FA8B334C2189902D0010142A /* Project object */ = {
			isa = PBXProject;
			attributes = {
				LastUpgradeCheck = 1000;
				ORGANIZATIONNAME = oops;
				TargetAttributes = {
					FA8B33532189902D0010142A = {
						CreatedOnToolsVersion = 10.0;
					};
					FA8B336B2189902F0010142A = {
						CreatedOnToolsVersion = 10.0;
						TestTargetID = FA8B33532189902D0010142A;
					};
					FA8B33762189902F0010142A = {
						CreatedOnToolsVersion = 10.0;
						TestTargetID = FA8B33532189902D0010142A;
					};
				};
			};
			buildConfigurationList = FA8B334F2189902D0010142A /* Build configuration list for PBXProject "Shine" */;
			compatibilityVersion = "Xcode 9.3";
			developmentRegion = en;
			hasScannedForEncodings = 0;
			knownRegions = (
				en,
				Base,
			);
			mainGroup = FA8B334B2189902D0010142A;
			productRefGroup = FA8B33552189902D0010142A /* Products */;
			projectDirPath = "";
			projectRoot = "";
			targets = (
				FA8B33532189902D0010142A /* Shine */,
				FA8B336B2189902F0010142A /* ShineTests */,
				FA8B33762189902F0010142A /* ShineUITests */,
			);
		};
/* End PBXProject section */

/* Begin PBXResourcesBuildPhase section */
		FA8B33522189902D0010142A /* Resources */ = {
			isa = PBXResourcesBuildPhase;
			buildActionMask = 2147483647;
			files = (
				FADE660421998726007F63F9 /* WallPaperClassifyCell.xib in Resources */,
				FA8B33642189902F0010142A /* LaunchScreen.storyboard in Resources */,
				FA8B33AC218ACDFF0010142A /* SelectThemeColorView.xib in Resources */,
				FA8B33612189902F0010142A /* Assets.xcassets in Resources */,
				FAA8DF24219A803E00F5E2D6 /* WallClassifyHeaderView.xib in Resources */,
			);
			runOnlyForDeploymentPostprocessing = 0;
		};
		FA8B336A2189902F0010142A /* Resources */ = {
			isa = PBXResourcesBuildPhase;
			buildActionMask = 2147483647;
			files = (
			);
			runOnlyForDeploymentPostprocessing = 0;
		};
		FA8B33752189902F0010142A /* Resources */ = {
			isa = PBXResourcesBuildPhase;
			buildActionMask = 2147483647;
			files = (
			);
			runOnlyForDeploymentPostprocessing = 0;
		};
/* End PBXResourcesBuildPhase section */

/* Begin PBXShellScriptBuildPhase section */
		39BA34979D900C4B9EE41507 /* [CP] Copy Pods Resources */ = {
			isa = PBXShellScriptBuildPhase;
			buildActionMask = 2147483647;
			files = (
			);
			inputFileListPaths = (
			);
			inputPaths = (
				"${SRCROOT}/Pods/Target Support Files/Pods-Shine/Pods-Shine-resources.sh",
				"${PODS_ROOT}/MJRefresh/MJRefresh/MJRefresh.bundle",
				"${PODS_ROOT}/SVProgressHUD/SVProgressHUD/SVProgressHUD.bundle",
			);
			name = "[CP] Copy Pods Resources";
			outputFileListPaths = (
			);
			outputPaths = (
				"${TARGET_BUILD_DIR}/${UNLOCALIZED_RESOURCES_FOLDER_PATH}/MJRefresh.bundle",
				"${TARGET_BUILD_DIR}/${UNLOCALIZED_RESOURCES_FOLDER_PATH}/SVProgressHUD.bundle",
			);
			runOnlyForDeploymentPostprocessing = 0;
			shellPath = /bin/sh;
			shellScript = "\"${SRCROOT}/Pods/Target Support Files/Pods-Shine/Pods-Shine-resources.sh\"\n";
			showEnvVarsInLog = 0;
		};
		AE9FB214D3A1CFEFA157DB5B /* [CP] Check Pods Manifest.lock */ = {
			isa = PBXShellScriptBuildPhase;
			buildActionMask = 2147483647;
			files = (
			);
			inputFileListPaths = (
			);
			inputPaths = (
				"${PODS_PODFILE_DIR_PATH}/Podfile.lock",
				"${PODS_ROOT}/Manifest.lock",
			);
			name = "[CP] Check Pods Manifest.lock";
			outputFileListPaths = (
			);
			outputPaths = (
				"$(DERIVED_FILE_DIR)/Pods-Shine-checkManifestLockResult.txt",
			);
			runOnlyForDeploymentPostprocessing = 0;
			shellPath = /bin/sh;
			shellScript = "diff \"${PODS_PODFILE_DIR_PATH}/Podfile.lock\" \"${PODS_ROOT}/Manifest.lock\" > /dev/null\nif [ $? != 0 ] ; then\n    # print error to STDERR\n    echo \"error: The sandbox is not in sync with the Podfile.lock. Run 'pod install' or update your CocoaPods installation.\" >&2\n    exit 1\nfi\n# This output is used by Xcode 'outputs' to avoid re-running this script phase.\necho \"SUCCESS\" > \"${SCRIPT_OUTPUT_FILE_0}\"\n";
			showEnvVarsInLog = 0;
		};
/* End PBXShellScriptBuildPhase section */

/* Begin PBXSourcesBuildPhase section */
		FA8B33502189902D0010142A /* Sources */ = {
			isa = PBXSourcesBuildPhase;
			buildActionMask = 2147483647;
			files = (
				FA78C28E219C0A7D00523F5F /* WallpaperController.m in Sources */,
				FADE65F721996DBB007F63F9 /* WallpaperClassifyController.m in Sources */,
				FA8B33A6218AAD380010142A /* UIView+Util.m in Sources */,
				FA8B33A3218A98250010142A /* UILabel+Util.m in Sources */,
				FA8B338F218993920010142A /* VBBaseNavigationController.m in Sources */,
				FA8B33672189902F0010142A /* main.m in Sources */,
				FA42FE0B21941C4B00F1C3A6 /* NSDate+Category.m in Sources */,
				FA8B33AA218ACDE70010142A /* SelectThemeColorView.m in Sources */,
				FA8B339A2189A00D0010142A /* AppUtills.m in Sources */,
				FAA8DF23219A803E00F5E2D6 /* WallClassifyHeaderView.m in Sources */,
				FA8B33592189902D0010142A /* AppDelegate.m in Sources */,
				FA42FE0A21941C4B00F1C3A6 /* NSDateFormatter+Category.m in Sources */,
				FADE65FB219970E1007F63F9 /* WallpaperClassifyModel.m in Sources */,
				FA42FE0E219420D400F1C3A6 /* RecommendModel.m in Sources */,
				FADE660321998726007F63F9 /* WallPaperClassifyCell.m in Sources */,
				FA42FE042194128B00F1C3A6 /* NetworkingTool.m in Sources */,
				FADBB647219D5419004B8274 /* QYAnnotation.m in Sources */,
				FA42FE172194340A00F1C3A6 /* UIScrollView+Util.m in Sources */,
				FADE65F4219968F5007F63F9 /* WallpaperListController.m in Sources */,
				FA42FE1D2195627C00F1C3A6 /* RecommendDetailCtr.m in Sources */,
				FA42FE002193DDD000F1C3A6 /* NewPagedFlowView.m in Sources */,
				FA42FE162194340A00F1C3A6 /* UIImageView+Util.m in Sources */,
				FA42FE012193DDD000F1C3A6 /* PGIndexBannerSubiew.m in Sources */,
				FA42FE112194325100F1C3A6 /* NSString+Util.m in Sources */,
				FA8B33A02189AA240010142A /* UIButton+Util.m in Sources */,
				FA8B3396218996450010142A /* HomeViewController.m in Sources */,
				FA42FDF72193DAE900F1C3A6 /* RecommendViewController.m in Sources */,
				FADE65FE219980EB007F63F9 /* WallpaperDetailModel.m in Sources */,
				FA8B33932189961B0010142A /* VBBaseViewController.m in Sources */,
			);
			runOnlyForDeploymentPostprocessing = 0;
		};
		FA8B33682189902F0010142A /* Sources */ = {
			isa = PBXSourcesBuildPhase;
			buildActionMask = 2147483647;
			files = (
				FA8B33712189902F0010142A /* ShineTests.m in Sources */,
			);
			runOnlyForDeploymentPostprocessing = 0;
		};
		FA8B33732189902F0010142A /* Sources */ = {
			isa = PBXSourcesBuildPhase;
			buildActionMask = 2147483647;
			files = (
				FA8B337C2189902F0010142A /* ShineUITests.m in Sources */,
			);
			runOnlyForDeploymentPostprocessing = 0;
		};
/* End PBXSourcesBuildPhase section */

/* Begin PBXTargetDependency section */
		FA8B336E2189902F0010142A /* PBXTargetDependency */ = {
			isa = PBXTargetDependency;
			target = FA8B33532189902D0010142A /* Shine */;
			targetProxy = FA8B336D2189902F0010142A /* PBXContainerItemProxy */;
		};
		FA8B33792189902F0010142A /* PBXTargetDependency */ = {
			isa = PBXTargetDependency;
			target = FA8B33532189902D0010142A /* Shine */;
			targetProxy = FA8B33782189902F0010142A /* PBXContainerItemProxy */;
		};
/* End PBXTargetDependency section */

/* Begin PBXVariantGroup section */
		FA8B33622189902F0010142A /* LaunchScreen.storyboard */ = {
			isa = PBXVariantGroup;
			children = (
				FA8B33632189902F0010142A /* Base */,
			);
			name = LaunchScreen.storyboard;
			sourceTree = "<group>";
		};
/* End PBXVariantGroup section */

/* Begin XCBuildConfiguration section */
		FA8B337E2189902F0010142A /* Debug */ = {
			isa = XCBuildConfiguration;
			buildSettings = {
				ALWAYS_SEARCH_USER_PATHS = NO;
				CLANG_ANALYZER_NONNULL = YES;
				CLANG_ANALYZER_NUMBER_OBJECT_CONVERSION = YES_AGGRESSIVE;
				CLANG_CXX_LANGUAGE_STANDARD = "gnu++14";
				CLANG_CXX_LIBRARY = "libc++";
				CLANG_ENABLE_MODULES = YES;
				CLANG_ENABLE_OBJC_ARC = YES;
				CLANG_ENABLE_OBJC_WEAK = YES;
				CLANG_WARN_BLOCK_CAPTURE_AUTORELEASING = YES;
				CLANG_WARN_BOOL_CONVERSION = YES;
				CLANG_WARN_COMMA = YES;
				CLANG_WARN_CONSTANT_CONVERSION = YES;
				CLANG_WARN_DEPRECATED_OBJC_IMPLEMENTATIONS = YES;
				CLANG_WARN_DIRECT_OBJC_ISA_USAGE = YES_ERROR;
				CLANG_WARN_DOCUMENTATION_COMMENTS = YES;
				CLANG_WARN_EMPTY_BODY = YES;
				CLANG_WARN_ENUM_CONVERSION = YES;
				CLANG_WARN_INFINITE_RECURSION = YES;
				CLANG_WARN_INT_CONVERSION = YES;
				CLANG_WARN_NON_LITERAL_NULL_CONVERSION = YES;
				CLANG_WARN_OBJC_IMPLICIT_RETAIN_SELF = YES;
				CLANG_WARN_OBJC_LITERAL_CONVERSION = YES;
				CLANG_WARN_OBJC_ROOT_CLASS = YES_ERROR;
				CLANG_WARN_RANGE_LOOP_ANALYSIS = YES;
				CLANG_WARN_STRICT_PROTOTYPES = YES;
				CLANG_WARN_SUSPICIOUS_MOVE = YES;
				CLANG_WARN_UNGUARDED_AVAILABILITY = YES_AGGRESSIVE;
				CLANG_WARN_UNREACHABLE_CODE = YES;
				CLANG_WARN__DUPLICATE_METHOD_MATCH = YES;
				CODE_SIGN_IDENTITY = "iPhone Developer";
				COPY_PHASE_STRIP = NO;
				DEBUG_INFORMATION_FORMAT = dwarf;
				ENABLE_STRICT_OBJC_MSGSEND = YES;
				ENABLE_TESTABILITY = YES;
				GCC_C_LANGUAGE_STANDARD = gnu11;
				GCC_DYNAMIC_NO_PIC = NO;
				GCC_NO_COMMON_BLOCKS = YES;
				GCC_OPTIMIZATION_LEVEL = 0;
				GCC_PREFIX_HEADER = "$(SRCROOT)/shine/Macro/PrefixHeader.pch";
				GCC_PREPROCESSOR_DEFINITIONS = (
					"DEBUG=1",
					"$(inherited)",
				);
				GCC_WARN_64_TO_32_BIT_CONVERSION = YES;
				GCC_WARN_ABOUT_RETURN_TYPE = YES_ERROR;
				GCC_WARN_UNDECLARED_SELECTOR = YES;
				GCC_WARN_UNINITIALIZED_AUTOS = YES_AGGRESSIVE;
				GCC_WARN_UNUSED_FUNCTION = YES;
				GCC_WARN_UNUSED_VARIABLE = YES;
				IPHONEOS_DEPLOYMENT_TARGET = 12.0;
				MTL_ENABLE_DEBUG_INFO = INCLUDE_SOURCE;
				MTL_FAST_MATH = YES;
				ONLY_ACTIVE_ARCH = YES;
				SDKROOT = iphoneos;
			};
			name = Debug;
		};
		FA8B337F2189902F0010142A /* Release */ = {
			isa = XCBuildConfiguration;
			buildSettings = {
				ALWAYS_SEARCH_USER_PATHS = NO;
				CLANG_ANALYZER_NONNULL = YES;
				CLANG_ANALYZER_NUMBER_OBJECT_CONVERSION = YES_AGGRESSIVE;
				CLANG_CXX_LANGUAGE_STANDARD = "gnu++14";
				CLANG_CXX_LIBRARY = "libc++";
				CLANG_ENABLE_MODULES = YES;
				CLANG_ENABLE_OBJC_ARC = YES;
				CLANG_ENABLE_OBJC_WEAK = YES;
				CLANG_WARN_BLOCK_CAPTURE_AUTORELEASING = YES;
				CLANG_WARN_BOOL_CONVERSION = YES;
				CLANG_WARN_COMMA = YES;
				CLANG_WARN_CONSTANT_CONVERSION = YES;
				CLANG_WARN_DEPRECATED_OBJC_IMPLEMENTATIONS = YES;
				CLANG_WARN_DIRECT_OBJC_ISA_USAGE = YES_ERROR;
				CLANG_WARN_DOCUMENTATION_COMMENTS = YES;
				CLANG_WARN_EMPTY_BODY = YES;
				CLANG_WARN_ENUM_CONVERSION = YES;
				CLANG_WARN_INFINITE_RECURSION = YES;
				CLANG_WARN_INT_CONVERSION = YES;
				CLANG_WARN_NON_LITERAL_NULL_CONVERSION = YES;
				CLANG_WARN_OBJC_IMPLICIT_RETAIN_SELF = YES;
				CLANG_WARN_OBJC_LITERAL_CONVERSION = YES;
				CLANG_WARN_OBJC_ROOT_CLASS = YES_ERROR;
				CLANG_WARN_RANGE_LOOP_ANALYSIS = YES;
				CLANG_WARN_STRICT_PROTOTYPES = YES;
				CLANG_WARN_SUSPICIOUS_MOVE = YES;
				CLANG_WARN_UNGUARDED_AVAILABILITY = YES_AGGRESSIVE;
				CLANG_WARN_UNREACHABLE_CODE = YES;
				CLANG_WARN__DUPLICATE_METHOD_MATCH = YES;
				CODE_SIGN_IDENTITY = "iPhone Developer";
				COPY_PHASE_STRIP = NO;
				DEBUG_INFORMATION_FORMAT = "dwarf-with-dsym";
				ENABLE_NS_ASSERTIONS = NO;
				ENABLE_STRICT_OBJC_MSGSEND = YES;
				GCC_C_LANGUAGE_STANDARD = gnu11;
				GCC_NO_COMMON_BLOCKS = YES;
				GCC_PREFIX_HEADER = "$(SRCROOT)/shine/Macro/PrefixHeader.pch";
				GCC_WARN_64_TO_32_BIT_CONVERSION = YES;
				GCC_WARN_ABOUT_RETURN_TYPE = YES_ERROR;
				GCC_WARN_UNDECLARED_SELECTOR = YES;
				GCC_WARN_UNINITIALIZED_AUTOS = YES_AGGRESSIVE;
				GCC_WARN_UNUSED_FUNCTION = YES;
				GCC_WARN_UNUSED_VARIABLE = YES;
				IPHONEOS_DEPLOYMENT_TARGET = 12.0;
				MTL_ENABLE_DEBUG_INFO = NO;
				MTL_FAST_MATH = YES;
				SDKROOT = iphoneos;
				VALIDATE_PRODUCT = YES;
			};
			name = Release;
		};
		FA8B33812189902F0010142A /* Debug */ = {
			isa = XCBuildConfiguration;
			baseConfigurationReference = 3E946EE0BDF0812786F37A54 /* Pods-Shine.debug.xcconfig */;
			buildSettings = {
				ASSETCATALOG_COMPILER_APPICON_NAME = AppIcon;
				CODE_SIGN_STYLE = Automatic;
				DEVELOPMENT_TEAM = 9GJAB2ZJUF;
				INFOPLIST_FILE = Shine/Info.plist;
				IPHONEOS_DEPLOYMENT_TARGET = 12.0;
				LD_RUNPATH_SEARCH_PATHS = (
					"$(inherited)",
					"@executable_path/Frameworks",
				);
				PRODUCT_BUNDLE_IDENTIFIER = com.oops.Shine;
				PRODUCT_NAME = "$(TARGET_NAME)";
				TARGETED_DEVICE_FAMILY = "1,2";
			};
			name = Debug;
		};
		FA8B33822189902F0010142A /* Release */ = {
			isa = XCBuildConfiguration;
			baseConfigurationReference = 545BBE09E1291CE37491EF21 /* Pods-Shine.release.xcconfig */;
			buildSettings = {
				ASSETCATALOG_COMPILER_APPICON_NAME = AppIcon;
				CODE_SIGN_STYLE = Automatic;
				DEVELOPMENT_TEAM = 9GJAB2ZJUF;
				INFOPLIST_FILE = Shine/Info.plist;
				IPHONEOS_DEPLOYMENT_TARGET = 12.0;
				LD_RUNPATH_SEARCH_PATHS = (
					"$(inherited)",
					"@executable_path/Frameworks",
				);
				PRODUCT_BUNDLE_IDENTIFIER = com.oops.Shine;
				PRODUCT_NAME = "$(TARGET_NAME)";
				TARGETED_DEVICE_FAMILY = "1,2";
			};
			name = Release;
		};
		FA8B33842189902F0010142A /* Debug */ = {
			isa = XCBuildConfiguration;
			buildSettings = {
				BUNDLE_LOADER = "$(TEST_HOST)";
				CODE_SIGN_STYLE = Automatic;
				DEVELOPMENT_TEAM = 9GJAB2ZJUF;
				INFOPLIST_FILE = ShineTests/Info.plist;
				LD_RUNPATH_SEARCH_PATHS = (
					"$(inherited)",
					"@executable_path/Frameworks",
					"@loader_path/Frameworks",
				);
				PRODUCT_BUNDLE_IDENTIFIER = com.oops.ShineTests;
				PRODUCT_NAME = "$(TARGET_NAME)";
				TARGETED_DEVICE_FAMILY = "1,2";
				TEST_HOST = "$(BUILT_PRODUCTS_DIR)/Shine.app/Shine";
			};
			name = Debug;
		};
		FA8B33852189902F0010142A /* Release */ = {
			isa = XCBuildConfiguration;
			buildSettings = {
				BUNDLE_LOADER = "$(TEST_HOST)";
				CODE_SIGN_STYLE = Automatic;
				DEVELOPMENT_TEAM = 9GJAB2ZJUF;
				INFOPLIST_FILE = ShineTests/Info.plist;
				LD_RUNPATH_SEARCH_PATHS = (
					"$(inherited)",
					"@executable_path/Frameworks",
					"@loader_path/Frameworks",
				);
				PRODUCT_BUNDLE_IDENTIFIER = com.oops.ShineTests;
				PRODUCT_NAME = "$(TARGET_NAME)";
				TARGETED_DEVICE_FAMILY = "1,2";
				TEST_HOST = "$(BUILT_PRODUCTS_DIR)/Shine.app/Shine";
			};
			name = Release;
		};
		FA8B33872189902F0010142A /* Debug */ = {
			isa = XCBuildConfiguration;
			buildSettings = {
				CODE_SIGN_STYLE = Automatic;
				DEVELOPMENT_TEAM = 9GJAB2ZJUF;
				INFOPLIST_FILE = ShineUITests/Info.plist;
				LD_RUNPATH_SEARCH_PATHS = (
					"$(inherited)",
					"@executable_path/Frameworks",
					"@loader_path/Frameworks",
				);
				PRODUCT_BUNDLE_IDENTIFIER = com.oops.ShineUITests;
				PRODUCT_NAME = "$(TARGET_NAME)";
				TARGETED_DEVICE_FAMILY = "1,2";
				TEST_TARGET_NAME = Shine;
			};
			name = Debug;
		};
		FA8B33882189902F0010142A /* Release */ = {
			isa = XCBuildConfiguration;
			buildSettings = {
				CODE_SIGN_STYLE = Automatic;
				DEVELOPMENT_TEAM = 9GJAB2ZJUF;
				INFOPLIST_FILE = ShineUITests/Info.plist;
				LD_RUNPATH_SEARCH_PATHS = (
					"$(inherited)",
					"@executable_path/Frameworks",
					"@loader_path/Frameworks",
				);
				PRODUCT_BUNDLE_IDENTIFIER = com.oops.ShineUITests;
				PRODUCT_NAME = "$(TARGET_NAME)";
				TARGETED_DEVICE_FAMILY = "1,2";
				TEST_TARGET_NAME = Shine;
			};
			name = Release;
		};
/* End XCBuildConfiguration section */

/* Begin XCConfigurationList section */
		FA8B334F2189902D0010142A /* Build configuration list for PBXProject "Shine" */ = {
			isa = XCConfigurationList;
			buildConfigurations = (
				FA8B337E2189902F0010142A /* Debug */,
				FA8B337F2189902F0010142A /* Release */,
			);
			defaultConfigurationIsVisible = 0;
			defaultConfigurationName = Release;
		};
		FA8B33802189902F0010142A /* Build configuration list for PBXNativeTarget "Shine" */ = {
			isa = XCConfigurationList;
			buildConfigurations = (
				FA8B33812189902F0010142A /* Debug */,
				FA8B33822189902F0010142A /* Release */,
			);
			defaultConfigurationIsVisible = 0;
			defaultConfigurationName = Release;
		};
		FA8B33832189902F0010142A /* Build configuration list for PBXNativeTarget "ShineTests" */ = {
			isa = XCConfigurationList;
			buildConfigurations = (
				FA8B33842189902F0010142A /* Debug */,
				FA8B33852189902F0010142A /* Release */,
			);
			defaultConfigurationIsVisible = 0;
			defaultConfigurationName = Release;
		};
		FA8B33862189902F0010142A /* Build configuration list for PBXNativeTarget "ShineUITests" */ = {
			isa = XCConfigurationList;
			buildConfigurations = (
				FA8B33872189902F0010142A /* Debug */,
				FA8B33882189902F0010142A /* Release */,
			);
			defaultConfigurationIsVisible = 0;
			defaultConfigurationName = Release;
		};
/* End XCConfigurationList section */
	};
	rootObject = FA8B334C2189902D0010142A /* Project object */;
}
